{
  "name": "compromised-npm-fixture",
  "version": "1.0.0",
  "lockfileVersion": 3,
  "requires": true,
  "packages": {
    "": {
      "name": "compromised-npm-fixture",
      "version": "1.0.0",
      "dependencies": {
        "@beproduct/nestjs-auth": "0.1.10",
        "@dirigible-ai/sdk": "0.6.2",
        "lodash": "4.17.21"
      }
    },
    "node_modules/@beproduct/nestjs-auth": {
      "version": "0.1.10",
      "resolved": "https://registry.npmjs.org/@beproduct/nestjs-auth/-/nestjs-auth-0.1.10.tgz",
      "integrity": "sha512-fake000000000000000000000000000000000000000000000000000000000000000000000000000000000=="
    },
    "node_modules/@beproduct/nestjs-auth/node_modules/@dirigible-ai/sdk": {
      "version": "0.6.2",
      "resolved": "https://registry.npmjs.org/@dirigible-ai/sdk/-/sdk-0.6.2.tgz",
      "integrity": "sha512-fake111111111111111111111111111111111111111111111111111111111111111111111111111111111=="
    },
    "node_modules/lodash": {
      "version": "4.17.21",
      "resolved": "https://registry.npmjs.org/lodash/-/lodash-4.17.21.tgz",
      "integrity": "sha512-v2kDEe57lecTulaDIuNTPy3Ry4gLGJ6Z1O3vE1krgXZNrsQ+LFTGHVxVjcXPs17LhbZVGedAJv8XZ1tvj5FvSg=="
    }
  }
}
