# This file is generated by running "yarn install" inside your project.
# Manual changes might be lost - proceed with caution!

__metadata:
  version: 8
  cacheKey: 10c0

"@beproduct/nestjs-auth@npm:0.1.10":
  version: 0.1.10
  resolution: "@beproduct/nestjs-auth@npm:0.1.10"
  checksum: 10c0/fake000000000000000000000000000000000000000000000000000000000000000000000000000000000
  languageName: node
  linkType: hard

"@dirigible-ai/sdk@npm:0.6.2":
  version: 0.6.2
  resolution: "@dirigible-ai/sdk@npm:0.6.2"
  checksum: 10c0/fake111111111111111111111111111111111111111111111111111111111111111111111111111111111
  languageName: node
  linkType: hard

"lodash@npm:4.17.21":
  version: 4.17.21
  resolution: "lodash@npm:4.17.21"
  checksum: 10c0/v2kDEe57lecTulaDIuNTPy3Ry4gLGJ6Z1O3vE1krgXZNrsQ+LFTGHVxVjcXPs17LhbZVGedAJv8XZ1tvj5FvSg
  languageName: node
  linkType: hard
